
Microsoft Visual Studio Solution File, Format Version 12.00
# Visual Studio Version 16
VisualStudioVersion = 16.0.29519.181
MinimumVisualStudioVersion = 10.0.40219.1
Project("{2150E333-8FDC-42A3-9474-1A3956D46DE8}") = "src", "src", "{2571DDD4-72DE-4374-B623-A70C0C2F6D46}"
EndProject
Project("{2150E333-8FDC-42A3-9474-1A3956D46DE8}") = "tests", "tests", "{3A39349B-8C34-488F-80E5-4BC1CEAFD69C}"
EndProject
Project("{9A19103F-16F7-4668-BE54-9A1E7A4F7556}") = "EasyRpc.Tests", "tests\EasyRpc.Tests\EasyRpc.Tests.csproj", "{74896AF2-4A2E-413B-9B0B-73640580E23C}"
EndProject
Project("{9A19103F-16F7-4668-BE54-9A1E7A4F7556}") = "EasyRpc.AspNetCore", "src\EasyRpc.AspNetCore\EasyRpc.AspNetCore.csproj", "{0C6FC4A0-F40B-41C6-86AD-88B954101F9D}"
EndProject
Project("{9A19103F-16F7-4668-BE54-9A1E7A4F7556}") = "EasyRpc.AspNetCore.Benchmarks", "tests\EasyRpc.AspNetCore.Benchmarks\EasyRpc.AspNetCore.Benchmarks.csproj", "{BB2CE612-7833-403F-9009-4C7B8F942494}"
EndProject
Project("{9A19103F-16F7-4668-BE54-9A1E7A4F7556}") = "EasyRpc.Abstractions", "src\EasyRpc.Abstractions\EasyRpc.Abstractions.csproj", "{3B371698-7868-4916-B41C-9D4050C43F79}"
EndProject
Project("{9A19103F-16F7-4668-BE54-9A1E7A4F7556}") = "EasyRpc.TestApp", "tests\EasyRpc.TestApp\EasyRpc.TestApp.csproj", "{CA8D1E3D-ED86-41B4-BAD3-3A2226796466}"
EndProject
Project("{9A19103F-16F7-4668-BE54-9A1E7A4F7556}") = "EasyRpc.AspNetCore.Utf8Json", "src\EasyRpc.AspNetCore.Utf8Json\EasyRpc.AspNetCore.Utf8Json.csproj", "{F62D4B67-81E4-4CB0-9206-EC843F5A1084}"
EndProject
Project("{9A19103F-16F7-4668-BE54-9A1E7A4F7556}") = "EasyRpc.DynamicClient", "src\EasyRpc.DynamicClient\EasyRpc.DynamicClient.csproj", "{2B571C32-9A46-437E-93F3-DE375C3739F7}"
EndProject
Project("{2150E333-8FDC-42A3-9474-1A3956D46DE8}") = "server", "server", "{CB484AE7-2050-4519-A19C-A60675EC7F4A}"
EndProject
Project("{2150E333-8FDC-42A3-9474-1A3956D46DE8}") = "client", "client", "{81D1EAB5-A7FD-4558-969E-5045A5616C96}"
EndProject
Global
	GlobalSection(SolutionConfigurationPlatforms) = preSolution
		Debug|Any CPU = Debug|Any CPU
		Release|Any CPU = Release|Any CPU
	EndGlobalSection
	GlobalSection(ProjectConfigurationPlatforms) = postSolution
		{74896AF2-4A2E-413B-9B0B-73640580E23C}.Debug|Any CPU.ActiveCfg = Debug|Any CPU
		{74896AF2-4A2E-413B-9B0B-73640580E23C}.Debug|Any CPU.Build.0 = Debug|Any CPU
		{74896AF2-4A2E-413B-9B0B-73640580E23C}.Release|Any CPU.ActiveCfg = Release|Any CPU
		{74896AF2-4A2E-413B-9B0B-73640580E23C}.Release|Any CPU.Build.0 = Release|Any CPU
		{0C6FC4A0-F40B-41C6-86AD-88B954101F9D}.Debug|Any CPU.ActiveCfg = Debug|Any CPU
		{0C6FC4A0-F40B-41C6-86AD-88B954101F9D}.Debug|Any CPU.Build.0 = Debug|Any CPU
		{0C6FC4A0-F40B-41C6-86AD-88B954101F9D}.Release|Any CPU.ActiveCfg = Release|Any CPU
		{0C6FC4A0-F40B-41C6-86AD-88B954101F9D}.Release|Any CPU.Build.0 = Release|Any CPU
		{BB2CE612-7833-403F-9009-4C7B8F942494}.Debug|Any CPU.ActiveCfg = Debug|Any CPU
		{BB2CE612-7833-403F-9009-4C7B8F942494}.Debug|Any CPU.Build.0 = Debug|Any CPU
		{BB2CE612-7833-403F-9009-4C7B8F942494}.Release|Any CPU.ActiveCfg = Release|Any CPU
		{BB2CE612-7833-403F-9009-4C7B8F942494}.Release|Any CPU.Build.0 = Release|Any CPU
		{3B371698-7868-4916-B41C-9D4050C43F79}.Debug|Any CPU.ActiveCfg = Debug|Any CPU
		{3B371698-7868-4916-B41C-9D4050C43F79}.Debug|Any CPU.Build.0 = Debug|Any CPU
		{3B371698-7868-4916-B41C-9D4050C43F79}.Release|Any CPU.ActiveCfg = Release|Any CPU
		{3B371698-7868-4916-B41C-9D4050C43F79}.Release|Any CPU.Build.0 = Release|Any CPU
		{CA8D1E3D-ED86-41B4-BAD3-3A2226796466}.Debug|Any CPU.ActiveCfg = Debug|Any CPU
		{CA8D1E3D-ED86-41B4-BAD3-3A2226796466}.Debug|Any CPU.Build.0 = Debug|Any CPU
		{CA8D1E3D-ED86-41B4-BAD3-3A2226796466}.Release|Any CPU.ActiveCfg = Release|Any CPU
		{CA8D1E3D-ED86-41B4-BAD3-3A2226796466}.Release|Any CPU.Build.0 = Release|Any CPU
		{F62D4B67-81E4-4CB0-9206-EC843F5A1084}.Debug|Any CPU.ActiveCfg = Debug|Any CPU
		{F62D4B67-81E4-4CB0-9206-EC843F5A1084}.Debug|Any CPU.Build.0 = Debug|Any CPU
		{F62D4B67-81E4-4CB0-9206-EC843F5A1084}.Release|Any CPU.ActiveCfg = Release|Any CPU
		{F62D4B67-81E4-4CB0-9206-EC843F5A1084}.Release|Any CPU.Build.0 = Release|Any CPU
		{2B571C32-9A46-437E-93F3-DE375C3739F7}.Debug|Any CPU.ActiveCfg = Debug|Any CPU
		{2B571C32-9A46-437E-93F3-DE375C3739F7}.Debug|Any CPU.Build.0 = Debug|Any CPU
		{2B571C32-9A46-437E-93F3-DE375C3739F7}.Release|Any CPU.ActiveCfg = Release|Any CPU
		{2B571C32-9A46-437E-93F3-DE375C3739F7}.Release|Any CPU.Build.0 = Release|Any CPU
	EndGlobalSection
	GlobalSection(SolutionProperties) = preSolution
		HideSolutionNode = FALSE
	EndGlobalSection
	GlobalSection(NestedProjects) = preSolution
		{74896AF2-4A2E-413B-9B0B-73640580E23C} = {3A39349B-8C34-488F-80E5-4BC1CEAFD69C}
		{0C6FC4A0-F40B-41C6-86AD-88B954101F9D} = {CB484AE7-2050-4519-A19C-A60675EC7F4A}
		{BB2CE612-7833-403F-9009-4C7B8F942494} = {3A39349B-8C34-488F-80E5-4BC1CEAFD69C}
		{3B371698-7868-4916-B41C-9D4050C43F79} = {2571DDD4-72DE-4374-B623-A70C0C2F6D46}
		{CA8D1E3D-ED86-41B4-BAD3-3A2226796466} = {3A39349B-8C34-488F-80E5-4BC1CEAFD69C}
		{F62D4B67-81E4-4CB0-9206-EC843F5A1084} = {CB484AE7-2050-4519-A19C-A60675EC7F4A}
		{2B571C32-9A46-437E-93F3-DE375C3739F7} = {81D1EAB5-A7FD-4558-969E-5045A5616C96}
		{CB484AE7-2050-4519-A19C-A60675EC7F4A} = {2571DDD4-72DE-4374-B623-A70C0C2F6D46}
		{81D1EAB5-A7FD-4558-969E-5045A5616C96} = {2571DDD4-72DE-4374-B623-A70C0C2F6D46}
	EndGlobalSection
	GlobalSection(ExtensibilityGlobals) = postSolution
		SolutionGuid = {36D0734C-1D28-4A0F-8E73-44D5C3AAB16E}
	EndGlobalSection
EndGlobal
