
Microsoft Visual Studio Solution File, Format Version 12.00
# Visual Studio 14
VisualStudioVersion = 14.0.25420.1
MinimumVisualStudioVersion = 10.0.40219.1
Project("{8BB2217D-0F2D-49D1-97BC-3654ED321F3B}") = "EasyRpc.AspNetCore", "src\EasyRpc.AspNetCore\EasyRpc.AspNetCore.xproj", "{5AB5AEA5-4917-497D-84FC-589995CB976B}"
EndProject
Project("{2150E333-8FDC-42A3-9474-1A3956D46DE8}") = "src", "src", "{69810559-DEE2-4EE6-A971-6FFD1C3D149A}"
EndProject
Project("{2150E333-8FDC-42A3-9474-1A3956D46DE8}") = "tests", "tests", "{9F8E444D-4A63-4AF4-B995-BBACD6B4AA8D}"
EndProject
Project("{2150E333-8FDC-42A3-9474-1A3956D46DE8}") = "samples", "samples", "{60CDC438-97F8-4008-B727-19A98E7B05F0}"
EndProject
Project("{8BB2217D-0F2D-49D1-97BC-3654ED321F3B}") = "EasyRpc.Tests", "tests\EasyRpc.Tests\EasyRpc.Tests.xproj", "{2B854307-C969-4516-B9F6-E7F65AB5A9C9}"
EndProject
Project("{8BB2217D-0F2D-49D1-97BC-3654ED321F3B}") = "EasyRpc.Client", "src\EasyRpc.Client\EasyRpc.Client.xproj", "{E07BA5EE-0D40-4439-9B90-82EAA3537CFF}"
EndProject
Project("{8BB2217D-0F2D-49D1-97BC-3654ED321F3B}") = "EasyRpc.AspNetCore.Sample", "samples\EasyRpc.AspNetCore.Sample\EasyRpc.AspNetCore.Sample.xproj", "{1E7AFBE7-3FB1-4EC7-BC81-E5E6553761D4}"
EndProject
Project("{8BB2217D-0F2D-49D1-97BC-3654ED321F3B}") = "EasyRpc.Client.Sample", "samples\EasyRpc.Client.Sample\EasyRpc.Client.Sample.xproj", "{C29BF705-AF87-44CA-9946-69FFDA0213F1}"
EndProject
Project("{2150E333-8FDC-42A3-9474-1A3956D46DE8}") = "Solution Items", "Solution Items", "{0C357854-E3D6-46B5-B63E-DC43216DFEEB}"
	ProjectSection(SolutionItems) = preProject
		appveyor.yml = appveyor.yml
		global.json = global.json
	EndProjectSection
EndProject
Project("{8BB2217D-0F2D-49D1-97BC-3654ED321F3B}") = "EasyRpc.DynamicClient", "src\EasyRpc.DynamicClient\EasyRpc.DynamicClient.xproj", "{F7132E15-0A6E-4090-9899-13646C4B8CDC}"
EndProject
Project("{8BB2217D-0F2D-49D1-97BC-3654ED321F3B}") = "EasyRpc.Sample.Interfaces", "samples\EasyRpc.Sample.Interfaces\EasyRpc.Sample.Interfaces.xproj", "{302F4B85-A5E6-4435-9989-1C0039D08866}"
EndProject
Global
	GlobalSection(SolutionConfigurationPlatforms) = preSolution
		Debug|Any CPU = Debug|Any CPU
		Release|Any CPU = Release|Any CPU
	EndGlobalSection
	GlobalSection(ProjectConfigurationPlatforms) = postSolution
		{5AB5AEA5-4917-497D-84FC-589995CB976B}.Debug|Any CPU.ActiveCfg = Debug|Any CPU
		{5AB5AEA5-4917-497D-84FC-589995CB976B}.Debug|Any CPU.Build.0 = Debug|Any CPU
		{5AB5AEA5-4917-497D-84FC-589995CB976B}.Release|Any CPU.ActiveCfg = Release|Any CPU
		{5AB5AEA5-4917-497D-84FC-589995CB976B}.Release|Any CPU.Build.0 = Release|Any CPU
		{2B854307-C969-4516-B9F6-E7F65AB5A9C9}.Debug|Any CPU.ActiveCfg = Debug|Any CPU
		{2B854307-C969-4516-B9F6-E7F65AB5A9C9}.Debug|Any CPU.Build.0 = Debug|Any CPU
		{2B854307-C969-4516-B9F6-E7F65AB5A9C9}.Release|Any CPU.ActiveCfg = Release|Any CPU
		{2B854307-C969-4516-B9F6-E7F65AB5A9C9}.Release|Any CPU.Build.0 = Release|Any CPU
		{E07BA5EE-0D40-4439-9B90-82EAA3537CFF}.Debug|Any CPU.ActiveCfg = Debug|Any CPU
		{E07BA5EE-0D40-4439-9B90-82EAA3537CFF}.Debug|Any CPU.Build.0 = Debug|Any CPU
		{E07BA5EE-0D40-4439-9B90-82EAA3537CFF}.Release|Any CPU.ActiveCfg = Release|Any CPU
		{E07BA5EE-0D40-4439-9B90-82EAA3537CFF}.Release|Any CPU.Build.0 = Release|Any CPU
		{1E7AFBE7-3FB1-4EC7-BC81-E5E6553761D4}.Debug|Any CPU.ActiveCfg = Debug|Any CPU
		{1E7AFBE7-3FB1-4EC7-BC81-E5E6553761D4}.Debug|Any CPU.Build.0 = Debug|Any CPU
		{1E7AFBE7-3FB1-4EC7-BC81-E5E6553761D4}.Release|Any CPU.ActiveCfg = Release|Any CPU
		{1E7AFBE7-3FB1-4EC7-BC81-E5E6553761D4}.Release|Any CPU.Build.0 = Release|Any CPU
		{C29BF705-AF87-44CA-9946-69FFDA0213F1}.Debug|Any CPU.ActiveCfg = Debug|Any CPU
		{C29BF705-AF87-44CA-9946-69FFDA0213F1}.Debug|Any CPU.Build.0 = Debug|Any CPU
		{C29BF705-AF87-44CA-9946-69FFDA0213F1}.Release|Any CPU.ActiveCfg = Release|Any CPU
		{C29BF705-AF87-44CA-9946-69FFDA0213F1}.Release|Any CPU.Build.0 = Release|Any CPU
		{F7132E15-0A6E-4090-9899-13646C4B8CDC}.Debug|Any CPU.ActiveCfg = Debug|Any CPU
		{F7132E15-0A6E-4090-9899-13646C4B8CDC}.Debug|Any CPU.Build.0 = Debug|Any CPU
		{F7132E15-0A6E-4090-9899-13646C4B8CDC}.Release|Any CPU.ActiveCfg = Release|Any CPU
		{F7132E15-0A6E-4090-9899-13646C4B8CDC}.Release|Any CPU.Build.0 = Release|Any CPU
		{302F4B85-A5E6-4435-9989-1C0039D08866}.Debug|Any CPU.ActiveCfg = Debug|Any CPU
		{302F4B85-A5E6-4435-9989-1C0039D08866}.Debug|Any CPU.Build.0 = Debug|Any CPU
		{302F4B85-A5E6-4435-9989-1C0039D08866}.Release|Any CPU.ActiveCfg = Release|Any CPU
		{302F4B85-A5E6-4435-9989-1C0039D08866}.Release|Any CPU.Build.0 = Release|Any CPU
	EndGlobalSection
	GlobalSection(SolutionProperties) = preSolution
		HideSolutionNode = FALSE
	EndGlobalSection
	GlobalSection(NestedProjects) = preSolution
		{5AB5AEA5-4917-497D-84FC-589995CB976B} = {69810559-DEE2-4EE6-A971-6FFD1C3D149A}
		{2B854307-C969-4516-B9F6-E7F65AB5A9C9} = {9F8E444D-4A63-4AF4-B995-BBACD6B4AA8D}
		{E07BA5EE-0D40-4439-9B90-82EAA3537CFF} = {69810559-DEE2-4EE6-A971-6FFD1C3D149A}
		{1E7AFBE7-3FB1-4EC7-BC81-E5E6553761D4} = {60CDC438-97F8-4008-B727-19A98E7B05F0}
		{C29BF705-AF87-44CA-9946-69FFDA0213F1} = {60CDC438-97F8-4008-B727-19A98E7B05F0}
		{F7132E15-0A6E-4090-9899-13646C4B8CDC} = {69810559-DEE2-4EE6-A971-6FFD1C3D149A}
		{302F4B85-A5E6-4435-9989-1C0039D08866} = {60CDC438-97F8-4008-B727-19A98E7B05F0}
	EndGlobalSection
EndGlobal
